
Microsoft Visual Studio Solution File, Format Version 12.00
# Visual Studio Version 17
VisualStudioVersion = 17.1.32319.34
MinimumVisualStudioVersion = 10.0.40219.1
Project("{FAE04EC0-301F-11D3-BF4B-00C04F79EFBC}") = "simplePhoto.UWP", "simplePhoto\simplePhoto.UWP\simplePhoto.UWP.csproj", "{DE01560A-27A5-4BDB-942F-D5BC4926E01D}"
EndProject
Project("{FAE04EC0-301F-11D3-BF4B-00C04F79EFBC}") = "simplePhoto.Android", "simplePhoto\simplePhoto.Android\simplePhoto.Android.csproj", "{31046FAE-8214-440A-9477-D882A74BC8BD}"
EndProject
Project("{FAE04EC0-301F-11D3-BF4B-00C04F79EFBC}") = "simplePhoto.iOS", "simplePhoto\simplePhoto.iOS\simplePhoto.iOS.csproj", "{63FEB5F4-9E6E-46EC-B807-976D0755F573}"
EndProject
Project("{FAE04EC0-301F-11D3-BF4B-00C04F79EFBC}") = "simplePhoto", "simplePhoto\simplePhoto\simplePhoto.csproj", "{A5F240C3-F010-401C-B217-5285B5A04FC5}"
EndProject
Global
	GlobalSection(SolutionConfigurationPlatforms) = preSolution
		Debug|Any CPU = Debug|Any CPU
		Debug|ARM = Debug|ARM
		Debug|iPhone = Debug|iPhone
		Debug|iPhoneSimulator = Debug|iPhoneSimulator
		Debug|x64 = Debug|x64
		Debug|x86 = Debug|x86
		Release|Any CPU = Release|Any CPU
		Release|ARM = Release|ARM
		Release|iPhone = Release|iPhone
		Release|iPhoneSimulator = Release|iPhoneSimulator
		Release|x64 = Release|x64
		Release|x86 = Release|x86
	EndGlobalSection
	GlobalSection(ProjectConfigurationPlatforms) = postSolution
		{DE01560A-27A5-4BDB-942F-D5BC4926E01D}.Debug|Any CPU.ActiveCfg = Debug|x64
		{DE01560A-27A5-4BDB-942F-D5BC4926E01D}.Debug|Any CPU.Build.0 = Debug|x64
		{DE01560A-27A5-4BDB-942F-D5BC4926E01D}.Debug|Any CPU.Deploy.0 = Debug|x64
		{DE01560A-27A5-4BDB-942F-D5BC4926E01D}.Debug|ARM.ActiveCfg = Debug|ARM
		{DE01560A-27A5-4BDB-942F-D5BC4926E01D}.Debug|ARM.Build.0 = Debug|ARM
		{DE01560A-27A5-4BDB-942F-D5BC4926E01D}.Debug|ARM.Deploy.0 = Debug|ARM
		{DE01560A-27A5-4BDB-942F-D5BC4926E01D}.Debug|iPhone.ActiveCfg = Debug|x64
		{DE01560A-27A5-4BDB-942F-D5BC4926E01D}.Debug|iPhone.Build.0 = Debug|x64
		{DE01560A-27A5-4BDB-942F-D5BC4926E01D}.Debug|iPhone.Deploy.0 = Debug|x64
		{DE01560A-27A5-4BDB-942F-D5BC4926E01D}.Debug|iPhoneSimulator.ActiveCfg = Debug|x64
		{DE01560A-27A5-4BDB-942F-D5BC4926E01D}.Debug|iPhoneSimulator.Build.0 = Debug|x64
		{DE01560A-27A5-4BDB-942F-D5BC4926E01D}.Debug|iPhoneSimulator.Deploy.0 = Debug|x64
		{DE01560A-27A5-4BDB-942F-D5BC4926E01D}.Debug|x64.ActiveCfg = Debug|x64
		{DE01560A-27A5-4BDB-942F-D5BC4926E01D}.Debug|x64.Build.0 = Debug|x64
		{DE01560A-27A5-4BDB-942F-D5BC4926E01D}.Debug|x64.Deploy.0 = Debug|x64
		{DE01560A-27A5-4BDB-942F-D5BC4926E01D}.Debug|x86.ActiveCfg = Debug|x86
		{DE01560A-27A5-4BDB-942F-D5BC4926E01D}.Debug|x86.Build.0 = Debug|x86
		{DE01560A-27A5-4BDB-942F-D5BC4926E01D}.Debug|x86.Deploy.0 = Debug|x86
		{DE01560A-27A5-4BDB-942F-D5BC4926E01D}.Release|Any CPU.ActiveCfg = Release|x64
		{DE01560A-27A5-4BDB-942F-D5BC4926E01D}.Release|Any CPU.Build.0 = Release|x64
		{DE01560A-27A5-4BDB-942F-D5BC4926E01D}.Release|Any CPU.Deploy.0 = Release|x64
		{DE01560A-27A5-4BDB-942F-D5BC4926E01D}.Release|ARM.ActiveCfg = Release|ARM
		{DE01560A-27A5-4BDB-942F-D5BC4926E01D}.Release|ARM.Build.0 = Release|ARM
		{DE01560A-27A5-4BDB-942F-D5BC4926E01D}.Release|ARM.Deploy.0 = Release|ARM
		{DE01560A-27A5-4BDB-942F-D5BC4926E01D}.Release|iPhone.ActiveCfg = Release|x64
		{DE01560A-27A5-4BDB-942F-D5BC4926E01D}.Release|iPhone.Build.0 = Release|x64
		{DE01560A-27A5-4BDB-942F-D5BC4926E01D}.Release|iPhone.Deploy.0 = Release|x64
		{DE01560A-27A5-4BDB-942F-D5BC4926E01D}.Release|iPhoneSimulator.ActiveCfg = Release|x64
		{DE01560A-27A5-4BDB-942F-D5BC4926E01D}.Release|iPhoneSimulator.Build.0 = Release|x64
		{DE01560A-27A5-4BDB-942F-D5BC4926E01D}.Release|iPhoneSimulator.Deploy.0 = Release|x64
		{DE01560A-27A5-4BDB-942F-D5BC4926E01D}.Release|x64.ActiveCfg = Release|x64
		{DE01560A-27A5-4BDB-942F-D5BC4926E01D}.Release|x64.Build.0 = Release|x64
		{DE01560A-27A5-4BDB-942F-D5BC4926E01D}.Release|x64.Deploy.0 = Release|x64
		{DE01560A-27A5-4BDB-942F-D5BC4926E01D}.Release|x86.ActiveCfg = Release|x86
		{DE01560A-27A5-4BDB-942F-D5BC4926E01D}.Release|x86.Build.0 = Release|x86
		{DE01560A-27A5-4BDB-942F-D5BC4926E01D}.Release|x86.Deploy.0 = Release|x86
		{31046FAE-8214-440A-9477-D882A74BC8BD}.Debug|Any CPU.ActiveCfg = Debug|Any CPU
		{31046FAE-8214-440A-9477-D882A74BC8BD}.Debug|Any CPU.Build.0 = Debug|Any CPU
		{31046FAE-8214-440A-9477-D882A74BC8BD}.Debug|Any CPU.Deploy.0 = Debug|Any CPU
		{31046FAE-8214-440A-9477-D882A74BC8BD}.Debug|ARM.ActiveCfg = Debug|Any CPU
		{31046FAE-8214-440A-9477-D882A74BC8BD}.Debug|ARM.Build.0 = Debug|Any CPU
		{31046FAE-8214-440A-9477-D882A74BC8BD}.Debug|ARM.Deploy.0 = Debug|Any CPU
		{31046FAE-8214-440A-9477-D882A74BC8BD}.Debug|iPhone.ActiveCfg = Debug|Any CPU
		{31046FAE-8214-440A-9477-D882A74BC8BD}.Debug|iPhone.Build.0 = Debug|Any CPU
		{31046FAE-8214-440A-9477-D882A74BC8BD}.Debug|iPhone.Deploy.0 = Debug|Any CPU
		{31046FAE-8214-440A-9477-D882A74BC8BD}.Debug|iPhoneSimulator.ActiveCfg = Debug|Any CPU
		{31046FAE-8214-440A-9477-D882A74BC8BD}.Debug|iPhoneSimulator.Build.0 = Debug|Any CPU
		{31046FAE-8214-440A-9477-D882A74BC8BD}.Debug|iPhoneSimulator.Deploy.0 = Debug|Any CPU
		{31046FAE-8214-440A-9477-D882A74BC8BD}.Debug|x64.ActiveCfg = Debug|Any CPU
		{31046FAE-8214-440A-9477-D882A74BC8BD}.Debug|x64.Build.0 = Debug|Any CPU
		{31046FAE-8214-440A-9477-D882A74BC8BD}.Debug|x64.Deploy.0 = Debug|Any CPU
		{31046FAE-8214-440A-9477-D882A74BC8BD}.Debug|x86.ActiveCfg = Debug|Any CPU
		{31046FAE-8214-440A-9477-D882A74BC8BD}.Debug|x86.Build.0 = Debug|Any CPU
		{31046FAE-8214-440A-9477-D882A74BC8BD}.Debug|x86.Deploy.0 = Debug|Any CPU
		{31046FAE-8214-440A-9477-D882A74BC8BD}.Release|Any CPU.ActiveCfg = Release|Any CPU
		{31046FAE-8214-440A-9477-D882A74BC8BD}.Release|Any CPU.Build.0 = Release|Any CPU
		{31046FAE-8214-440A-9477-D882A74BC8BD}.Release|Any CPU.Deploy.0 = Release|Any CPU
		{31046FAE-8214-440A-9477-D882A74BC8BD}.Release|ARM.ActiveCfg = Release|Any CPU
		{31046FAE-8214-440A-9477-D882A74BC8BD}.Release|ARM.Build.0 = Release|Any CPU
		{31046FAE-8214-440A-9477-D882A74BC8BD}.Release|ARM.Deploy.0 = Release|Any CPU
		{31046FAE-8214-440A-9477-D882A74BC8BD}.Release|iPhone.ActiveCfg = Release|Any CPU
		{31046FAE-8214-440A-9477-D882A74BC8BD}.Release|iPhone.Build.0 = Release|Any CPU
		{31046FAE-8214-440A-9477-D882A74BC8BD}.Release|iPhone.Deploy.0 = Release|Any CPU
		{31046FAE-8214-440A-9477-D882A74BC8BD}.Release|iPhoneSimulator.ActiveCfg = Release|Any CPU
		{31046FAE-8214-440A-9477-D882A74BC8BD}.Release|iPhoneSimulator.Build.0 = Release|Any CPU
		{31046FAE-8214-440A-9477-D882A74BC8BD}.Release|iPhoneSimulator.Deploy.0 = Release|Any CPU
		{31046FAE-8214-440A-9477-D882A74BC8BD}.Release|x64.ActiveCfg = Release|Any CPU
		{31046FAE-8214-440A-9477-D882A74BC8BD}.Release|x64.Build.0 = Release|Any CPU
		{31046FAE-8214-440A-9477-D882A74BC8BD}.Release|x64.Deploy.0 = Release|Any CPU
		{31046FAE-8214-440A-9477-D882A74BC8BD}.Release|x86.ActiveCfg = Release|Any CPU
		{31046FAE-8214-440A-9477-D882A74BC8BD}.Release|x86.Build.0 = Release|Any CPU
		{31046FAE-8214-440A-9477-D882A74BC8BD}.Release|x86.Deploy.0 = Release|Any CPU
		{63FEB5F4-9E6E-46EC-B807-976D0755F573}.Debug|Any CPU.ActiveCfg = Debug|iPhoneSimulator
		{63FEB5F4-9E6E-46EC-B807-976D0755F573}.Debug|Any CPU.Build.0 = Debug|iPhoneSimulator
		{63FEB5F4-9E6E-46EC-B807-976D0755F573}.Debug|Any CPU.Deploy.0 = Debug|iPhoneSimulator
		{63FEB5F4-9E6E-46EC-B807-976D0755F573}.Debug|ARM.ActiveCfg = Debug|iPhoneSimulator
		{63FEB5F4-9E6E-46EC-B807-976D0755F573}.Debug|ARM.Build.0 = Debug|iPhoneSimulator
		{63FEB5F4-9E6E-46EC-B807-976D0755F573}.Debug|ARM.Deploy.0 = Debug|iPhoneSimulator
		{63FEB5F4-9E6E-46EC-B807-976D0755F573}.Debug|iPhone.ActiveCfg = Debug|iPhone
		{63FEB5F4-9E6E-46EC-B807-976D0755F573}.Debug|iPhone.Build.0 = Debug|iPhone
		{63FEB5F4-9E6E-46EC-B807-976D0755F573}.Debug|iPhone.Deploy.0 = Debug|iPhone
		{63FEB5F4-9E6E-46EC-B807-976D0755F573}.Debug|iPhoneSimulator.ActiveCfg = Debug|iPhoneSimulator
		{63FEB5F4-9E6E-46EC-B807-976D0755F573}.Debug|iPhoneSimulator.Build.0 = Debug|iPhoneSimulator
		{63FEB5F4-9E6E-46EC-B807-976D0755F573}.Debug|iPhoneSimulator.Deploy.0 = Debug|iPhoneSimulator
		{63FEB5F4-9E6E-46EC-B807-976D0755F573}.Debug|x64.ActiveCfg = Debug|iPhone
		{63FEB5F4-9E6E-46EC-B807-976D0755F573}.Debug|x64.Build.0 = Debug|iPhone
		{63FEB5F4-9E6E-46EC-B807-976D0755F573}.Debug|x64.Deploy.0 = Debug|iPhone
		{63FEB5F4-9E6E-46EC-B807-976D0755F573}.Debug|x86.ActiveCfg = Debug|iPhoneSimulator
		{63FEB5F4-9E6E-46EC-B807-976D0755F573}.Debug|x86.Build.0 = Debug|iPhoneSimulator
		{63FEB5F4-9E6E-46EC-B807-976D0755F573}.Debug|x86.Deploy.0 = Debug|iPhoneSimulator
		{63FEB5F4-9E6E-46EC-B807-976D0755F573}.Release|Any CPU.ActiveCfg = Release|iPhoneSimulator
		{63FEB5F4-9E6E-46EC-B807-976D0755F573}.Release|Any CPU.Build.0 = Release|iPhoneSimulator
		{63FEB5F4-9E6E-46EC-B807-976D0755F573}.Release|Any CPU.Deploy.0 = Release|iPhoneSimulator
		{63FEB5F4-9E6E-46EC-B807-976D0755F573}.Release|ARM.ActiveCfg = Release|iPhoneSimulator
		{63FEB5F4-9E6E-46EC-B807-976D0755F573}.Release|ARM.Build.0 = Release|iPhoneSimulator
		{63FEB5F4-9E6E-46EC-B807-976D0755F573}.Release|ARM.Deploy.0 = Release|iPhoneSimulator
		{63FEB5F4-9E6E-46EC-B807-976D0755F573}.Release|iPhone.ActiveCfg = Release|iPhone
		{63FEB5F4-9E6E-46EC-B807-976D0755F573}.Release|iPhone.Build.0 = Release|iPhone
		{63FEB5F4-9E6E-46EC-B807-976D0755F573}.Release|iPhone.Deploy.0 = Release|iPhone
		{63FEB5F4-9E6E-46EC-B807-976D0755F573}.Release|iPhoneSimulator.ActiveCfg = Release|iPhoneSimulator
		{63FEB5F4-9E6E-46EC-B807-976D0755F573}.Release|iPhoneSimulator.Build.0 = Release|iPhoneSimulator
		{63FEB5F4-9E6E-46EC-B807-976D0755F573}.Release|iPhoneSimulator.Deploy.0 = Release|iPhoneSimulator
		{63FEB5F4-9E6E-46EC-B807-976D0755F573}.Release|x64.ActiveCfg = Release|iPhoneSimulator
		{63FEB5F4-9E6E-46EC-B807-976D0755F573}.Release|x64.Build.0 = Release|iPhoneSimulator
		{63FEB5F4-9E6E-46EC-B807-976D0755F573}.Release|x64.Deploy.0 = Release|iPhoneSimulator
		{63FEB5F4-9E6E-46EC-B807-976D0755F573}.Release|x86.ActiveCfg = Release|iPhoneSimulator
		{63FEB5F4-9E6E-46EC-B807-976D0755F573}.Release|x86.Build.0 = Release|iPhoneSimulator
		{63FEB5F4-9E6E-46EC-B807-976D0755F573}.Release|x86.Deploy.0 = Release|iPhoneSimulator
		{A5F240C3-F010-401C-B217-5285B5A04FC5}.Debug|Any CPU.ActiveCfg = Debug|Any CPU
		{A5F240C3-F010-401C-B217-5285B5A04FC5}.Debug|Any CPU.Build.0 = Debug|Any CPU
		{A5F240C3-F010-401C-B217-5285B5A04FC5}.Debug|Any CPU.Deploy.0 = Debug|Any CPU
		{A5F240C3-F010-401C-B217-5285B5A04FC5}.Debug|ARM.ActiveCfg = Debug|Any CPU
		{A5F240C3-F010-401C-B217-5285B5A04FC5}.Debug|ARM.Build.0 = Debug|Any CPU
		{A5F240C3-F010-401C-B217-5285B5A04FC5}.Debug|ARM.Deploy.0 = Debug|Any CPU
		{A5F240C3-F010-401C-B217-5285B5A04FC5}.Debug|iPhone.ActiveCfg = Debug|Any CPU
		{A5F240C3-F010-401C-B217-5285B5A04FC5}.Debug|iPhone.Build.0 = Debug|Any CPU
		{A5F240C3-F010-401C-B217-5285B5A04FC5}.Debug|iPhone.Deploy.0 = Debug|Any CPU
		{A5F240C3-F010-401C-B217-5285B5A04FC5}.Debug|iPhoneSimulator.ActiveCfg = Debug|Any CPU
		{A5F240C3-F010-401C-B217-5285B5A04FC5}.Debug|iPhoneSimulator.Build.0 = Debug|Any CPU
		{A5F240C3-F010-401C-B217-5285B5A04FC5}.Debug|iPhoneSimulator.Deploy.0 = Debug|Any CPU
		{A5F240C3-F010-401C-B217-5285B5A04FC5}.Debug|x64.ActiveCfg = Debug|Any CPU
		{A5F240C3-F010-401C-B217-5285B5A04FC5}.Debug|x64.Build.0 = Debug|Any CPU
		{A5F240C3-F010-401C-B217-5285B5A04FC5}.Debug|x64.Deploy.0 = Debug|Any CPU
		{A5F240C3-F010-401C-B217-5285B5A04FC5}.Debug|x86.ActiveCfg = Debug|Any CPU
		{A5F240C3-F010-401C-B217-5285B5A04FC5}.Debug|x86.Build.0 = Debug|Any CPU
		{A5F240C3-F010-401C-B217-5285B5A04FC5}.Debug|x86.Deploy.0 = Debug|Any CPU
		{A5F240C3-F010-401C-B217-5285B5A04FC5}.Release|Any CPU.ActiveCfg = Release|Any CPU
		{A5F240C3-F010-401C-B217-5285B5A04FC5}.Release|Any CPU.Build.0 = Release|Any CPU
		{A5F240C3-F010-401C-B217-5285B5A04FC5}.Release|Any CPU.Deploy.0 = Release|Any CPU
		{A5F240C3-F010-401C-B217-5285B5A04FC5}.Release|ARM.ActiveCfg = Release|Any CPU
		{A5F240C3-F010-401C-B217-5285B5A04FC5}.Release|ARM.Build.0 = Release|Any CPU
		{A5F240C3-F010-401C-B217-5285B5A04FC5}.Release|ARM.Deploy.0 = Release|Any CPU
		{A5F240C3-F010-401C-B217-5285B5A04FC5}.Release|iPhone.ActiveCfg = Release|Any CPU
		{A5F240C3-F010-401C-B217-5285B5A04FC5}.Release|iPhone.Build.0 = Release|Any CPU
		{A5F240C3-F010-401C-B217-5285B5A04FC5}.Release|iPhone.Deploy.0 = Release|Any CPU
		{A5F240C3-F010-401C-B217-5285B5A04FC5}.Release|iPhoneSimulator.ActiveCfg = Release|Any CPU
		{A5F240C3-F010-401C-B217-5285B5A04FC5}.Release|iPhoneSimulator.Build.0 = Release|Any CPU
		{A5F240C3-F010-401C-B217-5285B5A04FC5}.Release|iPhoneSimulator.Deploy.0 = Release|Any CPU
		{A5F240C3-F010-401C-B217-5285B5A04FC5}.Release|x64.ActiveCfg = Release|Any CPU
		{A5F240C3-F010-401C-B217-5285B5A04FC5}.Release|x64.Build.0 = Release|Any CPU
		{A5F240C3-F010-401C-B217-5285B5A04FC5}.Release|x64.Deploy.0 = Release|Any CPU
		{A5F240C3-F010-401C-B217-5285B5A04FC5}.Release|x86.ActiveCfg = Release|Any CPU
		{A5F240C3-F010-401C-B217-5285B5A04FC5}.Release|x86.Build.0 = Release|Any CPU
		{A5F240C3-F010-401C-B217-5285B5A04FC5}.Release|x86.Deploy.0 = Release|Any CPU
	EndGlobalSection
	GlobalSection(SolutionProperties) = preSolution
		HideSolutionNode = FALSE
	EndGlobalSection
	GlobalSection(ExtensibilityGlobals) = postSolution
		SolutionGuid = {93326483-031A-4FA9-89D6-33CF9F6D8747}
	EndGlobalSection
EndGlobal
